
Microsoft Visual Studio Solution File, Format Version 12.00
# Visual Studio Version 17
VisualStudioVersion = 17.3.32819.101
MinimumVisualStudioVersion = 10.0.40219.1
Project("{FAE04EC0-301F-11D3-BF4B-00C04F79EFBC}") = "Forms Contactos 4", "Forms Contactos 4\Forms Contactos 4.csproj", "{1F74932C-6946-4EC0-9761-122776350AD5}"
EndProject
Global
	GlobalSection(SolutionConfigurationPlatforms) = preSolution
		Debug|Any CPU = Debug|Any CPU
		Release|Any CPU = Release|Any CPU
	EndGlobalSection
	GlobalSection(ProjectConfigurationPlatforms) = postSolution
		{1F74932C-6946-4EC0-9761-122776350AD5}.Debug|Any CPU.ActiveCfg = Debug|Any CPU
		{1F74932C-6946-4EC0-9761-122776350AD5}.Debug|Any CPU.Build.0 = Debug|Any CPU
		{1F74932C-6946-4EC0-9761-122776350AD5}.Release|Any CPU.ActiveCfg = Release|Any CPU
		{1F74932C-6946-4EC0-9761-122776350AD5}.Release|Any CPU.Build.0 = Release|Any CPU
	EndGlobalSection
	GlobalSection(SolutionProperties) = preSolution
		HideSolutionNode = FALSE
	EndGlobalSection
	GlobalSection(ExtensibilityGlobals) = postSolution
		SolutionGuid = {5679A3AB-AE78-48CF-85AD-14C11E1108DE}
	EndGlobalSection
EndGlobal
